
Microsoft Visual Studio Solution File, Format Version 12.00
# Visual Studio 14
VisualStudioVersion = 14.0.22310.1
MinimumVisualStudioVersion = 10.0.40219.1
Project("{FAE04EC0-301F-11D3-BF4B-00C04F79EFBC}") = "XboxChaosApi", "XboxChaosApi\XboxChaosApi.csproj", "{0B00A7B4-3B05-4AA7-8FDC-3357DE6CC58D}"
EndProject
Global
	GlobalSection(SolutionConfigurationPlatforms) = preSolution
		Debug|Any CPU = Debug|Any CPU
		Release|Any CPU = Release|Any CPU
	EndGlobalSection
	GlobalSection(ProjectConfigurationPlatforms) = postSolution
		{0B00A7B4-3B05-4AA7-8FDC-3357DE6CC58D}.Debug|Any CPU.ActiveCfg = Debug|Any CPU
		{0B00A7B4-3B05-4AA7-8FDC-3357DE6CC58D}.Debug|Any CPU.Build.0 = Debug|Any CPU
		{0B00A7B4-3B05-4AA7-8FDC-3357DE6CC58D}.Release|Any CPU.ActiveCfg = Release|Any CPU
		{0B00A7B4-3B05-4AA7-8FDC-3357DE6CC58D}.Release|Any CPU.Build.0 = Release|Any CPU
	EndGlobalSection
	GlobalSection(SolutionProperties) = preSolution
		HideSolutionNode = FALSE
	EndGlobalSection
EndGlobal
